
Microsoft Visual Studio Solution File, Format Version 12.00
# Visual Studio Version 16
VisualStudioVersion = 16.0.30804.86
MinimumVisualStudioVersion = 10.0.40219.1
Project("{FAE04EC0-301F-11D3-BF4B-00C04F79EFBC}") = "Atelier3", "Atelier3\Atelier3.csproj", "{A393C680-F823-45CF-B667-577A2B1C2134}"
EndProject
Global
	GlobalSection(SolutionConfigurationPlatforms) = preSolution
		Debug|Any CPU = Debug|Any CPU
		Release|Any CPU = Release|Any CPU
	EndGlobalSection
	GlobalSection(ProjectConfigurationPlatforms) = postSolution
		{A393C680-F823-45CF-B667-577A2B1C2134}.Debug|Any CPU.ActiveCfg = Debug|Any CPU
		{A393C680-F823-45CF-B667-577A2B1C2134}.Debug|Any CPU.Build.0 = Debug|Any CPU
		{A393C680-F823-45CF-B667-577A2B1C2134}.Release|Any CPU.ActiveCfg = Release|Any CPU
		{A393C680-F823-45CF-B667-577A2B1C2134}.Release|Any CPU.Build.0 = Release|Any CPU
	EndGlobalSection
	GlobalSection(SolutionProperties) = preSolution
		HideSolutionNode = FALSE
	EndGlobalSection
	GlobalSection(ExtensibilityGlobals) = postSolution
		SolutionGuid = {6F7CC27A-0D18-4A04-BB18-2BDE87AC82B0}
	EndGlobalSection
EndGlobal
